// !$*UTF8*$!
{
	archiveVersion = 1;
	classes = {
	};
	objectVersion = 50;
	objects = {

/* Begin PBXBuildFile section */
		85A497BD24606A0E00F9A71D /* AppDelegate.swift in Sources */ = {isa = PBXBuildFile; fileRef = 85A497BC24606A0E00F9A71D /* AppDelegate.swift */; };
		85A497BF24606A0E00F9A71D /* SceneDelegate.swift in Sources */ = {isa = PBXBuildFile; fileRef = 85A497BE24606A0E00F9A71D /* SceneDelegate.swift */; };
		85A497C224606A0E00F9A71D /* coreDataTest.xcdatamodeld in Sources */ = {isa = PBXBuildFile; fileRef = 85A497C024606A0E00F9A71D /* coreDataTest.xcdatamodeld */; };
		85A497C424606A0E00F9A71D /* ContentView.swift in Sources */ = {isa = PBXBuildFile; fileRef = 85A497C324606A0E00F9A71D /* ContentView.swift */; };
		85A497C624606A1200F9A71D /* Assets.xcassets in Resources */ = {isa = PBXBuildFile; fileRef = 85A497C524606A1200F9A71D /* Assets.xcassets */; };
		85A497C924606A1200F9A71D /* Preview Assets.xcassets in Resources */ = {isa = PBXBuildFile; fileRef = 85A497C824606A1200F9A71D /* Preview Assets.xcassets */; };
		85A497CC24606A1200F9A71D /* LaunchScreen.storyboard in Resources */ = {isa = PBXBuildFile; fileRef = 85A497CA24606A1200F9A71D /* LaunchScreen.storyboard */; };
/* End PBXBuildFile section */

/* Begin PBXFileReference section */
		85A497B924606A0E00F9A71D /* coreDataTest.app */ = {isa = PBXFileReference; explicitFileType = wrapper.application; includeInIndex = 0; path = coreDataTest.app; sourceTree = BUILT_PRODUCTS_DIR; };
		85A497BC24606A0E00F9A71D /* AppDelegate.swift */ = {isa = PBXFileReference; lastKnownFileType = sourcecode.swift; path = AppDelegate.swift; sourceTree = "<group>"; };
		85A497BE24606A0E00F9A71D /* SceneDelegate.swift */ = {isa = PBXFileReference; lastKnownFileType = sourcecode.swift; path = SceneDelegate.swift; sourceTree = "<group>"; };
		85A497C124606A0E00F9A71D /* coreDataTest.xcdatamodel */ = {isa = PBXFileReference; lastKnownFileType = wrapper.xcdatamodel; path = coreDataTest.xcdatamodel; sourceTree = "<group>"; };
		85A497C324606A0E00F9A71D /* ContentView.swift */ = {isa = PBXFileReference; lastKnownFileType = sourcecode.swift; path = ContentView.swift; sourceTree = "<group>"; };
		85A497C524606A1200F9A71D /* Assets.xcassets */ = {isa = PBXFileReference; lastKnownFileType = folder.assetcatalog; path = Assets.xcassets; sourceTree = "<group>"; };
		85A497C824606A1200F9A71D /* Preview Assets.xcassets */ = {isa = PBXFileReference; lastKnownFileType = folder.assetcatalog; path = "Preview Assets.xcassets"; sourceTree = "<group>"; };
		85A497CB24606A1200F9A71D /* Base */ = {isa = PBXFileReference; lastKnownFileType = file.storyboard; name = Base; path = Base.lproj/LaunchScreen.storyboard; sourceTree = "<group>"; };
		85A497CD24606A1200F9A71D /* Info.plist */ = {isa = PBXFileReference; lastKnownFileType = text.plist.xml; path = Info.plist; sourceTree = "<group>"; };
/* End PBXFileReference section */

/* Begin PBXFrameworksBuildPhase section */
		85A497B624606A0E00F9A71D /* Frameworks */ = {
			isa = PBXFrameworksBuildPhase;
			buildActionMask = 2147483647;
			files = (
			);
			runOnlyForDeploymentPostprocessing = 0;
		};
/* End PBXFrameworksBuildPhase section */

/* Begin PBXGroup section */
		85A497B024606A0E00F9A71D = {
			isa = PBXGroup;
			children = (
				85A497BB24606A0E00F9A71D /* coreDataTest */,
				85A497BA24606A0E00F9A71D /* Products */,
			);
			sourceTree = "<group>";
		};
		85A497BA24606A0E00F9A71D /* Products */ = {
			isa = PBXGroup;
			children = (
				85A497B924606A0E00F9A71D /* coreDataTest.app */,
			);
			name = Products;
			sourceTree = "<group>";
		};
		85A497BB24606A0E00F9A71D /* coreDataTest */ = {
			isa = PBXGroup;
			children = (
				85A497BC24606A0E00F9A71D /* AppDelegate.swift */,
				85A497BE24606A0E00F9A71D /* SceneDelegate.swift */,
				85A497C324606A0E00F9A71D /* ContentView.swift */,
				85A497C524606A1200F9A71D /* Assets.xcassets */,
				85A497CA24606A1200F9A71D /* LaunchScreen.storyboard */,
				85A497CD24606A1200F9A71D /* Info.plist */,
				85A497C024606A0E00F9A71D /* coreDataTest.xcdatamodeld */,
				85A497C724606A1200F9A71D /* Preview Content */,
			);
			path = coreDataTest;
			sourceTree = "<group>";
		};
		85A497C724606A1200F9A71D /* Preview Content */ = {
			isa = PBXGroup;
			children = (
				85A497C824606A1200F9A71D /* Preview Assets.xcassets */,
			);
			path = "Preview Content";
			sourceTree = "<group>";
		};
/* End PBXGroup section */

/* Begin PBXNativeTarget section */
		85A497B824606A0E00F9A71D /* coreDataTest */ = {
			isa = PBXNativeTarget;
			buildConfigurationList = 85A497D024606A1200F9A71D /* Build configuration list for PBXNativeTarget "coreDataTest" */;
			buildPhases = (
				85A497B524606A0E00F9A71D /* Sources */,
				85A497B624606A0E00F9A71D /* Frameworks */,
				85A497B724606A0E00F9A71D /* Resources */,
			);
			buildRules = (
			);
			dependencies = (
			);
			name = coreDataTest;
			productName = coreDataTest;
			productReference = 85A497B924606A0E00F9A71D /* coreDataTest.app */;
			productType = "com.apple.product-type.application";
		};
/* End PBXNativeTarget section */

/* Begin PBXProject section */
		85A497B124606A0E00F9A71D /* Project object */ = {
			isa = PBXProject;
			attributes = {
				LastSwiftUpdateCheck = 1130;
				LastUpgradeCheck = 1130;
				ORGANIZATIONNAME = "Michael Steinberg";
				TargetAttributes = {
					85A497B824606A0E00F9A71D = {
						CreatedOnToolsVersion = 11.3;
					};
				};
			};
			buildConfigurationList = 85A497B424606A0E00F9A71D /* Build configuration list for PBXProject "coreDataTest" */;
			compatibilityVersion = "Xcode 9.3";
			developmentRegion = en;
			hasScannedForEncodings = 0;
			knownRegions = (
				en,
				Base,
			);
			mainGroup = 85A497B024606A0E00F9A71D;
			productRefGroup = 85A497BA24606A0E00F9A71D /* Products */;
			projectDirPath = "";
			projectRoot = "";
			targets = (
				85A497B824606A0E00F9A71D /* coreDataTest */,
			);
		};
/* End PBXProject section */

/* Begin PBXResourcesBuildPhase section */
		85A497B724606A0E00F9A71D /* Resources */ = {
			isa = PBXResourcesBuildPhase;
			buildActionMask = 2147483647;
			files = (
				85A497CC24606A1200F9A71D /* LaunchScreen.storyboard in Resources */,
				85A497C924606A1200F9A71D /* Preview Assets.xcassets in Resources */,
				85A497C624606A1200F9A71D /* Assets.xcassets in Resources */,
			);
			runOnlyForDeploymentPostprocessing = 0;
		};
/* End PBXResourcesBuildPhase section */

/* Begin PBXSourcesBuildPhase section */
		85A497B524606A0E00F9A71D /* Sources */ = {
			isa = PBXSourcesBuildPhase;
			buildActionMask = 2147483647;
			files = (
				85A497C224606A0E00F9A71D /* coreDataTest.xcdatamodeld in Sources */,
				85A497BD24606A0E00F9A71D /* AppDelegate.swift in Sources */,
				85A497C424606A0E00F9A71D /* ContentView.swift in Sources */,
				85A497BF24606A0E00F9A71D /* SceneDelegate.swift in Sources */,
			);
			runOnlyForDeploymentPostprocessing = 0;
		};
/* End PBXSourcesBuildPhase section */

/* Begin PBXVariantGroup section */
		85A497CA24606A1200F9A71D /* LaunchScreen.storyboard */ = {
			isa = PBXVariantGroup;
			children = (
				85A497CB24606A1200F9A71D /* Base */,
			);
			name = LaunchScreen.storyboard;
			sourceTree = "<group>";
		};
/* End PBXVariantGroup section */

/* Begin XCBuildConfiguration section */
		85A497CE24606A1200F9A71D /* Debug */ = {
			isa = XCBuildConfiguration;
			buildSettings = {
				ALWAYS_SEARCH_USER_PATHS = NO;
				CLANG_ANALYZER_NONNULL = YES;
				CLANG_ANALYZER_NUMBER_OBJECT_CONVERSION = YES_AGGRESSIVE;
				CLANG_CXX_LANGUAGE_STANDARD = "gnu++14";
				CLANG_CXX_LIBRARY = "libc++";
				CLANG_ENABLE_MODULES = YES;
				CLANG_ENABLE_OBJC_ARC = YES;
				CLANG_ENABLE_OBJC_WEAK = YES;
				CLANG_WARN_BLOCK_CAPTURE_AUTORELEASING = YES;
				CLANG_WARN_BOOL_CONVERSION = YES;
				CLANG_WARN_COMMA = YES;
				CLANG_WARN_CONSTANT_CONVERSION = YES;
				CLANG_WARN_DEPRECATED_OBJC_IMPLEMENTATIONS = YES;
				CLANG_WARN_DIRECT_OBJC_ISA_USAGE = YES_ERROR;
				CLANG_WARN_DOCUMENTATION_COMMENTS = YES;
				CLANG_WARN_EMPTY_BODY = YES;
				CLANG_WARN_ENUM_CONVERSION = YES;
				CLANG_WARN_INFINITE_RECURSION = YES;
				CLANG_WARN_INT_CONVERSION = YES;
				CLANG_WARN_NON_LITERAL_NULL_CONVERSION = YES;
				CLANG_WARN_OBJC_IMPLICIT_RETAIN_SELF = YES;
				CLANG_WARN_OBJC_LITERAL_CONVERSION = YES;
				CLANG_WARN_OBJC_ROOT_CLASS = YES_ERROR;
				CLANG_WARN_RANGE_LOOP_ANALYSIS = YES;
				CLANG_WARN_STRICT_PROTOTYPES = YES;
				CLANG_WARN_SUSPICIOUS_MOVE = YES;
				CLANG_WARN_UNGUARDED_AVAILABILITY = YES_AGGRESSIVE;
				CLANG_WARN_UNREACHABLE_CODE = YES;
				CLANG_WARN__DUPLICATE_METHOD_MATCH = YES;
				COPY_PHASE_STRIP = NO;
				DEBUG_INFORMATION_FORMAT = dwarf;
				ENABLE_STRICT_OBJC_MSGSEND = YES;
				ENABLE_TESTABILITY = YES;
				GCC_C_LANGUAGE_STANDARD = gnu11;
				GCC_DYNAMIC_NO_PIC = NO;
				GCC_NO_COMMON_BLOCKS = YES;
				GCC_OPTIMIZATION_LEVEL = 0;
				GCC_PREPROCESSOR_DEFINITIONS = (
					"DEBUG=1",
					"$(inherited)",
				);
				GCC_WARN_64_TO_32_BIT_CONVERSION = YES;
				GCC_WARN_ABOUT_RETURN_TYPE = YES_ERROR;
				GCC_WARN_UNDECLARED_SELECTOR = YES;
				GCC_WARN_UNINITIALIZED_AUTOS = YES_AGGRESSIVE;
				GCC_WARN_UNUSED_FUNCTION = YES;
				GCC_WARN_UNUSED_VARIABLE = YES;
				IPHONEOS_DEPLOYMENT_TARGET = 13.2;
				MTL_ENABLE_DEBUG_INFO = INCLUDE_SOURCE;
				MTL_FAST_MATH = YES;
				ONLY_ACTIVE_ARCH = YES;
				SDKROOT = iphoneos;
				SWIFT_ACTIVE_COMPILATION_CONDITIONS = DEBUG;
				SWIFT_OPTIMIZATION_LEVEL = "-Onone";
			};
			name = Debug;
		};
		85A497CF24606A1200F9A71D /* Release */ = {
			isa = XCBuildConfiguration;
			buildSettings = {
				ALWAYS_SEARCH_USER_PATHS = NO;
				CLANG_ANALYZER_NONNULL = YES;
				CLANG_ANALYZER_NUMBER_OBJECT_CONVERSION = YES_AGGRESSIVE;
				CLANG_CXX_LANGUAGE_STANDARD = "gnu++14";
				CLANG_CXX_LIBRARY = "libc++";
				CLANG_ENABLE_MODULES = YES;
				CLANG_ENABLE_OBJC_ARC = YES;
				CLANG_ENABLE_OBJC_WEAK = YES;
				CLANG_WARN_BLOCK_CAPTURE_AUTORELEASING = YES;
				CLANG_WARN_BOOL_CONVERSION = YES;
				CLANG_WARN_COMMA = YES;
				CLANG_WARN_CONSTANT_CONVERSION = YES;
				CLANG_WARN_DEPRECATED_OBJC_IMPLEMENTATIONS = YES;
				CLANG_WARN_DIRECT_OBJC_ISA_USAGE = YES_ERROR;
				CLANG_WARN_DOCUMENTATION_COMMENTS = YES;
				CLANG_WARN_EMPTY_BODY = YES;
				CLANG_WARN_ENUM_CONVERSION = YES;
				CLANG_WARN_INFINITE_RECURSION = YES;
				CLANG_WARN_INT_CONVERSION = YES;
				CLANG_WARN_NON_LITERAL_NULL_CONVERSION = YES;
				CLANG_WARN_OBJC_IMPLICIT_RETAIN_SELF = YES;
				CLANG_WARN_OBJC_LITERAL_CONVERSION = YES;
				CLANG_WARN_OBJC_ROOT_CLASS = YES_ERROR;
				CLANG_WARN_RANGE_LOOP_ANALYSIS = YES;
				CLANG_WARN_STRICT_PROTOTYPES = YES;
				CLANG_WARN_SUSPICIOUS_MOVE = YES;
				CLANG_WARN_UNGUARDED_AVAILABILITY = YES_AGGRESSIVE;
				CLANG_WARN_UNREACHABLE_CODE = YES;
				CLANG_WARN__DUPLICATE_METHOD_MATCH = YES;
				COPY_PHASE_STRIP = NO;
				DEBUG_INFORMATION_FORMAT = "dwarf-with-dsym";
				ENABLE_NS_ASSERTIONS = NO;
				ENABLE_STRICT_OBJC_MSGSEND = YES;
				GCC_C_LANGUAGE_STANDARD = gnu11;
				GCC_NO_COMMON_BLOCKS = YES;
				GCC_WARN_64_TO_32_BIT_CONVERSION = YES;
				GCC_WARN_ABOUT_RETURN_TYPE = YES_ERROR;
				GCC_WARN_UNDECLARED_SELECTOR = YES;
				GCC_WARN_UNINITIALIZED_AUTOS = YES_AGGRESSIVE;
				GCC_WARN_UNUSED_FUNCTION = YES;
				GCC_WARN_UNUSED_VARIABLE = YES;
				IPHONEOS_DEPLOYMENT_TARGET = 13.2;
				MTL_ENABLE_DEBUG_INFO = NO;
				MTL_FAST_MATH = YES;
				SDKROOT = iphoneos;
				SWIFT_COMPILATION_MODE = wholemodule;
				SWIFT_OPTIMIZATION_LEVEL = "-O";
				VALIDATE_PRODUCT = YES;
			};
			name = Release;
		};
		85A497D124606A1200F9A71D /* Debug */ = {
			isa = XCBuildConfiguration;
			buildSettings = {
				ASSETCATALOG_COMPILER_APPICON_NAME = AppIcon;
				CODE_SIGN_STYLE = Automatic;
				DEVELOPMENT_ASSET_PATHS = "\"coreDataTest/Preview Content\"";
				DEVELOPMENT_TEAM = W2T3YK8W2U;
				ENABLE_PREVIEWS = YES;
				INFOPLIST_FILE = coreDataTest/Info.plist;
				LD_RUNPATH_SEARCH_PATHS = (
					"$(inherited)",
					"@executable_path/Frameworks",
				);
				PRODUCT_BUNDLE_IDENTIFIER = com.michaelsteinberg.coreDataTest;
				PRODUCT_NAME = "$(TARGET_NAME)";
				SWIFT_VERSION = 5.0;
				TARGETED_DEVICE_FAMILY = "1,2";
			};
			name = Debug;
		};
		85A497D224606A1200F9A71D /* Release */ = {
			isa = XCBuildConfiguration;
			buildSettings = {
				ASSETCATALOG_COMPILER_APPICON_NAME = AppIcon;
				CODE_SIGN_STYLE = Automatic;
				DEVELOPMENT_ASSET_PATHS = "\"coreDataTest/Preview Content\"";
				DEVELOPMENT_TEAM = W2T3YK8W2U;
				ENABLE_PREVIEWS = YES;
				INFOPLIST_FILE = coreDataTest/Info.plist;
				LD_RUNPATH_SEARCH_PATHS = (
					"$(inherited)",
					"@executable_path/Frameworks",
				);
				PRODUCT_BUNDLE_IDENTIFIER = com.michaelsteinberg.coreDataTest;
				PRODUCT_NAME = "$(TARGET_NAME)";
				SWIFT_VERSION = 5.0;
				TARGETED_DEVICE_FAMILY = "1,2";
			};
			name = Release;
		};
/* End XCBuildConfiguration section */

/* Begin XCConfigurationList section */
		85A497B424606A0E00F9A71D /* Build configuration list for PBXProject "coreDataTest" */ = {
			isa = XCConfigurationList;
			buildConfigurations = (
				85A497CE24606A1200F9A71D /* Debug */,
				85A497CF24606A1200F9A71D /* Release */,
			);
			defaultConfigurationIsVisible = 0;
			defaultConfigurationName = Release;
		};
		85A497D024606A1200F9A71D /* Build configuration list for PBXNativeTarget "coreDataTest" */ = {
			isa = XCConfigurationList;
			buildConfigurations = (
				85A497D124606A1200F9A71D /* Debug */,
				85A497D224606A1200F9A71D /* Release */,
			);
			defaultConfigurationIsVisible = 0;
			defaultConfigurationName = Release;
		};
/* End XCConfigurationList section */

/* Begin XCVersionGroup section */
		85A497C024606A0E00F9A71D /* coreDataTest.xcdatamodeld */ = {
			isa = XCVersionGroup;
			children = (
				85A497C124606A0E00F9A71D /* coreDataTest.xcdatamodel */,
			);
			currentVersion = 85A497C124606A0E00F9A71D /* coreDataTest.xcdatamodel */;
			path = coreDataTest.xcdatamodeld;
			sourceTree = "<group>";
			versionGroupType = wrapper.xcdatamodel;
		};
/* End XCVersionGroup section */
	};
	rootObject = 85A497B124606A0E00F9A71D /* Project object */;
}
